
Microsoft Visual Studio Solution File, Format Version 10.00
# Visual Basic Express 2008
Project("{F184B08F-C81C-45F6-A57F-5ABD9991F28F}") = "TesisMercado", "TesisMercado.vbproj", "{A56CE86E-6E70-4A5F-8D1A-498645978E7D}"
EndProject
Global
	GlobalSection(SolutionConfigurationPlatforms) = preSolution
		Debug|Any CPU = Debug|Any CPU
		Release|Any CPU = Release|Any CPU
	EndGlobalSection
	GlobalSection(ProjectConfigurationPlatforms) = postSolution
		{A56CE86E-6E70-4A5F-8D1A-498645978E7D}.Debug|Any CPU.ActiveCfg = Debug|Any CPU
		{A56CE86E-6E70-4A5F-8D1A-498645978E7D}.Debug|Any CPU.Build.0 = Debug|Any CPU
		{A56CE86E-6E70-4A5F-8D1A-498645978E7D}.Release|Any CPU.ActiveCfg = Release|Any CPU
		{A56CE86E-6E70-4A5F-8D1A-498645978E7D}.Release|Any CPU.Build.0 = Release|Any CPU
	EndGlobalSection
	GlobalSection(SolutionProperties) = preSolution
		HideSolutionNode = FALSE
	EndGlobalSection
EndGlobal
